
Microsoft Visual Studio Solution File, Format Version 12.00
# Visual Studio Version 17
VisualStudioVersion = 17.7.34031.279
MinimumVisualStudioVersion = 10.0.40219.1
Project("{FAE04EC0-301F-11D3-BF4B-00C04F79EFBC}") = "Pferd_Hund_Hase", "Pferd_Hund_Hase\Pferd_Hund_Hase.csproj", "{15621915-1013-48EB-9901-E64E34B311F7}"
EndProject
Global
	GlobalSection(SolutionConfigurationPlatforms) = preSolution
		Debug|Any CPU = Debug|Any CPU
		Release|Any CPU = Release|Any CPU
	EndGlobalSection
	GlobalSection(ProjectConfigurationPlatforms) = postSolution
		{15621915-1013-48EB-9901-E64E34B311F7}.Debug|Any CPU.ActiveCfg = Debug|Any CPU
		{15621915-1013-48EB-9901-E64E34B311F7}.Debug|Any CPU.Build.0 = Debug|Any CPU
		{15621915-1013-48EB-9901-E64E34B311F7}.Release|Any CPU.ActiveCfg = Release|Any CPU
		{15621915-1013-48EB-9901-E64E34B311F7}.Release|Any CPU.Build.0 = Release|Any CPU
	EndGlobalSection
	GlobalSection(SolutionProperties) = preSolution
		HideSolutionNode = FALSE
	EndGlobalSection
	GlobalSection(ExtensibilityGlobals) = postSolution
		SolutionGuid = {9EE90351-FF7D-46C9-B15B-7EAA81F5A11D}
	EndGlobalSection
EndGlobal
